
Microsoft Visual Studio Solution File, Format Version 12.00
# Visual Studio Version 17
VisualStudioVersion = 17.11.35327.3
MinimumVisualStudioVersion = 10.0.40219.1
Project("{FAE04EC0-301F-11D3-BF4B-00C04F79EFBC}") = "mvc", "mvc\mvc.csproj", "{EBF7D687-F269-4136-8C13-A59902D1D764}"
EndProject
Global
	GlobalSection(SolutionConfigurationPlatforms) = preSolution
		Debug|Any CPU = Debug|Any CPU
		Release|Any CPU = Release|Any CPU
	EndGlobalSection
	GlobalSection(ProjectConfigurationPlatforms) = postSolution
		{EBF7D687-F269-4136-8C13-A59902D1D764}.Debug|Any CPU.ActiveCfg = Debug|Any CPU
		{EBF7D687-F269-4136-8C13-A59902D1D764}.Debug|Any CPU.Build.0 = Debug|Any CPU
		{EBF7D687-F269-4136-8C13-A59902D1D764}.Release|Any CPU.ActiveCfg = Release|Any CPU
		{EBF7D687-F269-4136-8C13-A59902D1D764}.Release|Any CPU.Build.0 = Release|Any CPU
	EndGlobalSection
	GlobalSection(SolutionProperties) = preSolution
		HideSolutionNode = FALSE
	EndGlobalSection
	GlobalSection(ExtensibilityGlobals) = postSolution
		SolutionGuid = {87078703-8C5D-4D14-838F-75399D882CBA}
	EndGlobalSection
EndGlobal
